# THIS IS AN AUTOGENERATED FILE. DO NOT EDIT THIS FILE DIRECTLY.
# yarn lockfile v1


ansi-color@^0.2.1:
  version "0.2.1"
  resolved "https://registry.yarnpkg.com/ansi-color/-/ansi-color-0.2.1.tgz#3e75c037475217544ed763a8db5709fa9ae5bf9a"
  integrity sha1-PnXAN0dSF1RO12Oo21cJ+prlv5o=

ansi-styles@^3.2.1:
  version "3.2.1"
  resolved "https://registry.yarnpkg.com/ansi-styles/-/ansi-styles-3.2.1.tgz#41fbb20243e50b12be0f04b8dedbf07520ce841d"
  integrity sha512-VT0ZI6kZRdTh8YyJw3SMbYm/u+NqfsAxEpWO0Pf9sq8/e94WxxOpPKx9FR1FlyCtOVDNOQ+8ntlqFxiRc+r5qA==
  dependencies:
    color-convert "^1.9.0"

any-promise@^1.0.0:
  version "1.3.0"
  resolved "https://registry.yarnpkg.com/any-promise/-/any-promise-1.3.0.tgz#abc6afeedcea52e809cdc0376aed3ce39635d17f"
  integrity sha1-q8av7tzqUugJzcA3au0845Y10X8=

assertion-error@^1.1.0:
  version "1.1.0"
  resolved "https://registry.yarnpkg.com/assertion-error/-/assertion-error-1.1.0.tgz#e60b6b0e8f301bd97e5375215bda406c85118c0b"
  integrity sha512-jgsaNduz+ndvGyFt3uSuWqvy4lCnIJiovtouQN5JZHOKCS2QuhEdbcQHFhVksz2N2U9hXJo8odG7ETyWlEeuDw==

balanced-match@^1.0.0:
  version "1.0.0"
  resolved "https://registry.yarnpkg.com/balanced-match/-/balanced-match-1.0.0.tgz#89b4d199ab2bee49de164ea02b89ce462d71b767"
  integrity sha1-ibTRmasr7kneFk6gK4nORi1xt2c=

brace-expansion@^1.1.7:
  version "1.1.11"
  resolved "https://registry.yarnpkg.com/brace-expansion/-/brace-expansion-1.1.11.tgz#3c7fcbf529d87226f3d2f52b966ff5271eb441dd"
  integrity sha512-iCuPHDFgrHX7H2vEI/5xpz07zSHB00TpugqhmYtVmMO6518mCuRMoOYFldEBl0g187ufozdaHgWKcYFb61qGiA==
  dependencies:
    balanced-match "^1.0.0"
    concat-map "0.0.1"

bufrw@^1.2.1:
  version "1.2.1"
  resolved "https://registry.yarnpkg.com/bufrw/-/bufrw-1.2.1.tgz#93f222229b4f5f5e2cd559236891407f9853663b"
  integrity sha1-k/IiIptPX14s1VkjaJFAf5hTZjs=
  dependencies:
    ansi-color "^0.2.1"
    error "^7.0.0"
    xtend "^4.0.0"

chai-as-promised@^7.0.0:
  version "7.1.1"
  resolved "https://registry.yarnpkg.com/chai-as-promised/-/chai-as-promised-7.1.1.tgz#08645d825deb8696ee61725dbf590c012eb00ca0"
  integrity sha512-azL6xMoi+uxu6z4rhWQ1jbdUhOMhis2PvscD/xjLqNMkv3BPPp2JyyuTHOrf9BOosGpNQ11v6BKv/g57RXbiaA==
  dependencies:
    check-error "^1.0.2"

chai@^4.0.1:
  version "4.2.0"
  resolved "https://registry.yarnpkg.com/chai/-/chai-4.2.0.tgz#760aa72cf20e3795e84b12877ce0e83737aa29e5"
  integrity sha512-XQU3bhBukrOsQCuwZndwGcCVQHyZi53fQ6Ys1Fym7E4olpIqqZZhhoFJoaKVvV17lWQoXYwgWN2nF5crA8J2jw==
  dependencies:
    assertion-error "^1.1.0"
    check-error "^1.0.2"
    deep-eql "^3.0.1"
    get-func-name "^2.0.0"
    pathval "^1.1.0"
    type-detect "^4.0.5"

chalk@^2.2.0:
  version "2.4.2"
  resolved "https://registry.yarnpkg.com/chalk/-/chalk-2.4.2.tgz#cd42541677a54333cf541a49108c1432b44c9424"
  integrity sha512-Mti+f9lpJNcwF4tWV8/OrTTtF1gZi+f8FqlyAdouralcFWFQWF2+NgCHShjkCb+IFBLq9buZwE1xckQU4peSuQ==
  dependencies:
    ansi-styles "^3.2.1"
    escape-string-regexp "^1.0.5"
    supports-color "^5.3.0"

check-error@^1.0.2:
  version "1.0.2"
  resolved "https://registry.yarnpkg.com/check-error/-/check-error-1.0.2.tgz#574d312edd88bb5dd8912e9286dd6c0aed4aac82"
  integrity sha1-V00xLt2Iu13YkS6Sht1sCu1KrII=

color-convert@^1.9.0:
  version "1.9.3"
  resolved "https://registry.yarnpkg.com/color-convert/-/color-convert-1.9.3.tgz#bb71850690e1f136567de629d2d5471deda4c1e8"
  integrity sha512-QfAUtd+vFdAtFQcC8CCyYt1fYWxSqAiK2cSD6zDB8N3cpsEBAvRxp9zOGg6G/SHHJYAT88/az/IuDGALsNVbGg==
  dependencies:
    color-name "1.1.3"

color-name@1.1.3:
  version "1.1.3"
  resolved "https://registry.yarnpkg.com/color-name/-/color-name-1.1.3.tgz#a7d0558bd89c42f795dd42328f740831ca53bc25"
  integrity sha1-p9BVi9icQveV3UIyj3QIMcpTvCU=

commander@^2.9.0:
  version "2.19.0"
  resolved "https://registry.yarnpkg.com/commander/-/commander-2.19.0.tgz#f6198aa84e5b83c46054b94ddedbfed5ee9ff12a"
  integrity sha512-6tvAOO+D6OENvRAh524Dh9jcfKTYDQAqvqezbCW82xj5X0pSrcpxtvRKHLG0yBY6SD7PSDrJaj+0AiOcKVd1Xg==

concat-map@0.0.1:
  version "0.0.1"
  resolved "https://registry.yarnpkg.com/concat-map/-/concat-map-0.0.1.tgz#d8a96bd77fd68df7793a73036a3ba0d5405d477b"
  integrity sha1-2Klr13/Wjfd5OnMDajug1UBdR3s=

deep-eql@^3.0.1:
  version "3.0.1"
  resolved "https://registry.yarnpkg.com/deep-eql/-/deep-eql-3.0.1.tgz#dfc9404400ad1c8fe023e7da1df1c147c4b444df"
  integrity sha512-+QeIQyN5ZuO+3Uk5DYh6/1eKO0m0YmJFGNmFHGACpf1ClL1nmlV/p4gNgbl2pJGxgXb4faqo6UE+M5ACEMyVcw==
  dependencies:
    type-detect "^4.0.0"

deep-equal@^1.0.1:
  version "1.0.1"
  resolved "https://registry.yarnpkg.com/deep-equal/-/deep-equal-1.0.1.tgz#f5d260292b660e084eff4cdbc9f08ad3247448b5"
  integrity sha1-9dJgKStmDghO/0zbyfCK0yR0SLU=

error@7.0.2, error@^7.0.0:
  version "7.0.2"
  resolved "https://registry.yarnpkg.com/error/-/error-7.0.2.tgz#a5f75fff4d9926126ddac0ea5dc38e689153cb02"
  integrity sha1-pfdf/02ZJhJt2sDqXcOOaJFTywI=
  dependencies:
    string-template "~0.2.1"
    xtend "~4.0.0"

escape-string-regexp@^1.0.5:
  version "1.0.5"
  resolved "https://registry.yarnpkg.com/escape-string-regexp/-/escape-string-regexp-1.0.5.tgz#1b61c0562190a8dff6ae3bb2cf0200ca130b86d4"
  integrity sha1-G2HAViGQqN/2rjuyzwIAyhMLhtQ=

fast-json-patch@^2.0.2:
  version "2.0.7"
  resolved "https://registry.yarnpkg.com/fast-json-patch/-/fast-json-patch-2.0.7.tgz#55864b08b1e50381d2f37fd472bb2e18fe54a733"
  integrity sha512-DQeoEyPYxdTtfmB3yDlxkLyKTdbJ6ABfFGcMynDqjvGhPYLto/pZyb/dG2Nyd/n9CArjEWN9ZST++AFmgzgbGw==
  dependencies:
    deep-equal "^1.0.1"

fs.realpath@^1.0.0:
  version "1.0.0"
  resolved "https://registry.yarnpkg.com/fs.realpath/-/fs.realpath-1.0.0.tgz#1504ad2523158caa40db4a2787cb01411994ea4f"
  integrity sha1-FQStJSMVjKpA20onh8sBQRmU6k8=

get-func-name@^2.0.0:
  version "2.0.0"
  resolved "https://registry.yarnpkg.com/get-func-name/-/get-func-name-2.0.0.tgz#ead774abee72e20409433a066366023dd6887a41"
  integrity sha1-6td0q+5y4gQJQzoGY2YCPdaIekE=

glob@^7.1.1:
  version "7.1.3"
  resolved "https://registry.yarnpkg.com/glob/-/glob-7.1.3.tgz#3960832d3f1574108342dafd3a67b332c0969df1"
  integrity sha512-vcfuiIxogLV4DlGBHIUOwI0IbrJ8HWPc4MU7HzviGeNho/UJDfi6B5p3sHeWIQ0KGIU0Jpxi5ZHxemQfLkkAwQ==
  dependencies:
    fs.realpath "^1.0.0"
    inflight "^1.0.4"
    inherits "2"
    minimatch "^3.0.4"
    once "^1.3.0"
    path-is-absolute "^1.0.0"

has-flag@^3.0.0:
  version "3.0.0"
  resolved "https://registry.yarnpkg.com/has-flag/-/has-flag-3.0.0.tgz#b5d454dc2199ae225699f3467e5a07f3b955bafd"
  integrity sha1-tdRU3CGZriJWmfNGfloH87lVuv0=

inflight@^1.0.4:
  version "1.0.6"
  resolved "https://registry.yarnpkg.com/inflight/-/inflight-1.0.6.tgz#49bd6331d7d02d0c09bc910a1075ba8165b56df9"
  integrity sha1-Sb1jMdfQLQwJvJEKEHW6gWW1bfk=
  dependencies:
    once "^1.3.0"
    wrappy "1"

inherits@2:
  version "2.0.3"
  resolved "https://registry.yarnpkg.com/inherits/-/inherits-2.0.3.tgz#633c2c83e3da42a502f52466022480f4208261de"
  integrity sha1-Yzwsg+PaQqUC9SRmAiSA9CCCYd4=

iterare@^1.1.2:
  version "1.1.2"
  resolved "https://registry.yarnpkg.com/iterare/-/iterare-1.1.2.tgz#32e65fe03c72f727b1ae5fd002ed6a215f523ae8"
  integrity sha512-25rVYmj/dDvTR6zOa9jY1Ihd6USLa0J508Ub2iy7Aga+xu9JMbjDds2Uh03ReDGbva/YN3s3Ybi+Do0nOX6wAg==

jaeger-client@^3.5.3:
  version "3.13.0"
  resolved "https://registry.yarnpkg.com/jaeger-client/-/jaeger-client-3.13.0.tgz#c5b228242d65389a13eb24eeb56a55409d72c94e"
  integrity sha512-ykrXLxcmSHSdDXqK6/DY+IObekfj4kbONC3QPu/ln7sbY5bsA+Yu4LYVlW9/vLm0lxLlsz52mSyC+sjiqM8xCw==
  dependencies:
    node-int64 "^0.4.0"
    opentracing "^0.13.0"
    thriftrw "^3.5.0"
    uuid "^3.2.1"
    xorshift "^0.2.0"

javascript-typescript-langserver@^2.11.2:
  version "2.11.2"
  resolved "https://registry.yarnpkg.com/javascript-typescript-langserver/-/javascript-typescript-langserver-2.11.2.tgz#fb6539382943873963d03bd11361c754e16e5c82"
  integrity sha512-ntxgW8oAKKGU+Gk21u7HK+/LG8+D4jekxPxOrJYov82CJRb/k/9MKX+gdk7Eh1VSaujwDKJIWzCOWpna4Vtw3A==
  dependencies:
    chai "^4.0.1"
    chai-as-promised "^7.0.0"
    chalk "^2.2.0"
    commander "^2.9.0"
    fast-json-patch "^2.0.2"
    glob "^7.1.1"
    iterare "^1.1.2"
    jaeger-client "^3.5.3"
    lodash "^4.17.4"
    mz "^2.6.0"
    object-hash "^1.1.8"
    opentracing "^0.14.0"
    rxjs "^5.5.0"
    semaphore-async-await "^1.5.1"
    string-similarity "^2.0.0"
    typescript "~3.0.3"
    vscode-jsonrpc "^4.0.0"
    vscode-languageserver "^5.0.0"
    vscode-languageserver-types "^3.0.3"

lodash@^4.17.4:
  version "4.17.11"
  resolved "https://registry.yarnpkg.com/lodash/-/lodash-4.17.11.tgz#b39ea6229ef607ecd89e2c8df12536891cac9b8d"
  integrity sha512-cQKh8igo5QUhZ7lg38DYWAxMvjSAKG0A8wGSVimP07SIUEK2UO+arSRKbRZWtelMtN5V0Hkwh5ryOto/SshYIg==

long@^2.4.0:
  version "2.4.0"
  resolved "https://registry.yarnpkg.com/long/-/long-2.4.0.tgz#9fa180bb1d9500cdc29c4156766a1995e1f4524f"
  integrity sha1-n6GAux2VAM3CnEFWdmoZleH0Uk8=

minimatch@^3.0.4:
  version "3.0.4"
  resolved "https://registry.yarnpkg.com/minimatch/-/minimatch-3.0.4.tgz#5166e286457f03306064be5497e8dbb0c3d32083"
  integrity sha512-yJHVQEhyqPLUTgt9B83PXu6W3rx4MvvHvSUvToogpwoGDOUQ+yDrR0HRot+yOCdCO7u4hX3pWft6kWBBcqh0UA==
  dependencies:
    brace-expansion "^1.1.7"

mz@^2.6.0:
  version "2.7.0"
  resolved "https://registry.yarnpkg.com/mz/-/mz-2.7.0.tgz#95008057a56cafadc2bc63dde7f9ff6955948e32"
  integrity sha512-z81GNO7nnYMEhrGh9LeymoE4+Yr0Wn5McHIZMK5cfQCl+NDX08sCZgUc9/6MHni9IWuFLm1Z3HTCXu2z9fN62Q==
  dependencies:
    any-promise "^1.0.0"
    object-assign "^4.0.1"
    thenify-all "^1.0.0"

node-int64@^0.4.0:
  version "0.4.0"
  resolved "https://registry.yarnpkg.com/node-int64/-/node-int64-0.4.0.tgz#87a9065cdb355d3182d8f94ce11188b825c68a3b"
  integrity sha1-h6kGXNs1XTGC2PlM4RGIuCXGijs=

object-assign@^4.0.1:
  version "4.1.1"
  resolved "https://registry.yarnpkg.com/object-assign/-/object-assign-4.1.1.tgz#2109adc7965887cfc05cbbd442cac8bfbb360863"
  integrity sha1-IQmtx5ZYh8/AXLvUQsrIv7s2CGM=

object-hash@^1.1.8:
  version "1.3.1"
  resolved "https://registry.yarnpkg.com/object-hash/-/object-hash-1.3.1.tgz#fde452098a951cb145f039bb7d455449ddc126df"
  integrity sha512-OSuu/pU4ENM9kmREg0BdNrUDIl1heYa4mBZacJc+vVWz4GtAwu7jO8s4AIt2aGRUTqxykpWzI3Oqnsm13tTMDA==

once@^1.3.0:
  version "1.4.0"
  resolved "https://registry.yarnpkg.com/once/-/once-1.4.0.tgz#583b1aa775961d4b113ac17d9c50baef9dd76bd1"
  integrity sha1-WDsap3WWHUsROsF9nFC6753Xa9E=
  dependencies:
    wrappy "1"

opentracing@^0.13.0:
  version "0.13.0"
  resolved "https://registry.yarnpkg.com/opentracing/-/opentracing-0.13.0.tgz#6a341442f09d7d866bc11ed03de1e3828e3d6aab"
  integrity sha1-ajQUQvCdfYZrwR7QPeHjgo49aqs=

opentracing@^0.14.0:
  version "0.14.3"
  resolved "https://registry.yarnpkg.com/opentracing/-/opentracing-0.14.3.tgz#23e3ad029fa66a653926adbe57e834469f8550aa"
  integrity sha1-I+OtAp+mamU5Jq2+V+g0Rp+FUKo=

path-is-absolute@^1.0.0:
  version "1.0.1"
  resolved "https://registry.yarnpkg.com/path-is-absolute/-/path-is-absolute-1.0.1.tgz#174b9268735534ffbc7ace6bf53a5a9e1b5c5f5f"
  integrity sha1-F0uSaHNVNP+8es5r9TpanhtcX18=

pathval@^1.1.0:
  version "1.1.0"
  resolved "https://registry.yarnpkg.com/pathval/-/pathval-1.1.0.tgz#b942e6d4bde653005ef6b71361def8727d0645e0"
  integrity sha1-uULm1L3mUwBe9rcTYd74cn0GReA=

rxjs@^5.5.0:
  version "5.5.12"
  resolved "https://registry.yarnpkg.com/rxjs/-/rxjs-5.5.12.tgz#6fa61b8a77c3d793dbaf270bee2f43f652d741cc"
  integrity sha512-xx2itnL5sBbqeeiVgNPVuQQ1nC8Jp2WfNJhXWHmElW9YmrpS9UVnNzhP3EH3HFqexO5Tlp8GhYY+WEcqcVMvGw==
  dependencies:
    symbol-observable "1.0.1"

semaphore-async-await@^1.5.1:
  version "1.5.1"
  resolved "https://registry.yarnpkg.com/semaphore-async-await/-/semaphore-async-await-1.5.1.tgz#857bef5e3644601ca4b9570b87e9df5ca12974fa"
  integrity sha1-hXvvXjZEYBykuVcLh+nfXKEpdPo=

string-similarity@^2.0.0:
  version "2.0.0"
  resolved "https://registry.yarnpkg.com/string-similarity/-/string-similarity-2.0.0.tgz#c16d8fc7e7c8dce706742c87adc482dbdb7030bb"
  integrity sha512-62FBZrVXV5cI23bQ9L49Y4d9u9yaH61JhAwLyUFUzQbHDjdihxdfCwIherg+vylR/s4ucCddK8iKSEO7kinffQ==

string-template@~0.2.1:
  version "0.2.1"
  resolved "https://registry.yarnpkg.com/string-template/-/string-template-0.2.1.tgz#42932e598a352d01fc22ec3367d9d84eec6c9add"
  integrity sha1-QpMuWYo1LQH8IuwzZ9nYTuxsmt0=

supports-color@^5.3.0:
  version "5.5.0"
  resolved "https://registry.yarnpkg.com/supports-color/-/supports-color-5.5.0.tgz#e2e69a44ac8772f78a1ec0b35b689df6530efc8f"
  integrity sha512-QjVjwdXIt408MIiAqCX4oUKsgU2EqAGzs2Ppkm4aQYbjm+ZEWEcW4SfFNTr4uMNZma0ey4f5lgLrkB0aX0QMow==
  dependencies:
    has-flag "^3.0.0"

symbol-observable@1.0.1:
  version "1.0.1"
  resolved "https://registry.yarnpkg.com/symbol-observable/-/symbol-observable-1.0.1.tgz#8340fc4702c3122df5d22288f88283f513d3fdd4"
  integrity sha1-g0D8RwLDEi310iKI+IKD9RPT/dQ=

thenify-all@^1.0.0:
  version "1.6.0"
  resolved "https://registry.yarnpkg.com/thenify-all/-/thenify-all-1.6.0.tgz#1a1918d402d8fc3f98fbf234db0bcc8cc10e9726"
  integrity sha1-GhkY1ALY/D+Y+/I02wvMjMEOlyY=
  dependencies:
    thenify ">= 3.1.0 < 4"

"thenify@>= 3.1.0 < 4":
  version "3.3.0"
  resolved "https://registry.yarnpkg.com/thenify/-/thenify-3.3.0.tgz#e69e38a1babe969b0108207978b9f62b88604839"
  integrity sha1-5p44obq+lpsBCCB5eLn2K4hgSDk=
  dependencies:
    any-promise "^1.0.0"

thriftrw@^3.5.0:
  version "3.11.3"
  resolved "https://registry.yarnpkg.com/thriftrw/-/thriftrw-3.11.3.tgz#2cef6b4d089b7ba6275198b86582881582907d45"
  integrity sha512-mnte80Go5MCfYyOQ9nk6SljaEicCXlwLchupHR+/zlx0MKzXwAiyt38CHjLZVvKtoyEzirasXuNYtkEjgghqCw==
  dependencies:
    bufrw "^1.2.1"
    error "7.0.2"
    long "^2.4.0"

type-detect@^4.0.0, type-detect@^4.0.5:
  version "4.0.8"
  resolved "https://registry.yarnpkg.com/type-detect/-/type-detect-4.0.8.tgz#7646fb5f18871cfbb7749e69bd39a6388eb7450c"
  integrity sha512-0fr/mIH1dlO+x7TlcMy+bIDqKPsw/70tVyeHW787goQjhmqaZe10uwLujubK9q9Lg6Fiho1KUKDYz0Z7k7g5/g==

typescript@~3.0.3:
  version "3.0.3"
  resolved "https://registry.yarnpkg.com/typescript/-/typescript-3.0.3.tgz#4853b3e275ecdaa27f78fda46dc273a7eb7fc1c8"
  integrity sha512-kk80vLW9iGtjMnIv11qyxLqZm20UklzuR2tL0QAnDIygIUIemcZMxlMWudl9OOt76H3ntVzcTiddQ1/pAAJMYg==

uuid@^3.2.1:
  version "3.3.2"
  resolved "https://registry.yarnpkg.com/uuid/-/uuid-3.3.2.tgz#1b4af4955eb3077c501c23872fc6513811587131"
  integrity sha512-yXJmeNaw3DnnKAOKJE51sL/ZaYfWJRl1pK9dr19YFCu0ObS231AB1/LbqTKRAQ5kw8A90rA6fr4riOUpTZvQZA==

vscode-jsonrpc@^4.0.0:
  version "4.0.0"
  resolved "https://registry.yarnpkg.com/vscode-jsonrpc/-/vscode-jsonrpc-4.0.0.tgz#a7bf74ef3254d0a0c272fab15c82128e378b3be9"
  integrity sha512-perEnXQdQOJMTDFNv+UF3h1Y0z4iSiaN9jIlb0OqIYgosPCZGYh/MCUlkFtV2668PL69lRDO32hmvL2yiidUYg==

vscode-languageserver-protocol@3.14.1:
  version "3.14.1"
  resolved "https://registry.yarnpkg.com/vscode-languageserver-protocol/-/vscode-languageserver-protocol-3.14.1.tgz#b8aab6afae2849c84a8983d39a1cf742417afe2f"
  integrity sha512-IL66BLb2g20uIKog5Y2dQ0IiigW0XKrvmWiOvc0yXw80z3tMEzEnHjaGAb3ENuU7MnQqgnYJ1Cl2l9RvNgDi4g==
  dependencies:
    vscode-jsonrpc "^4.0.0"
    vscode-languageserver-types "3.14.0"

vscode-languageserver-types@3.14.0, vscode-languageserver-types@^3.0.3:
  version "3.14.0"
  resolved "https://registry.yarnpkg.com/vscode-languageserver-types/-/vscode-languageserver-types-3.14.0.tgz#d3b5952246d30e5241592b6dde8280e03942e743"
  integrity sha512-lTmS6AlAlMHOvPQemVwo3CezxBp0sNB95KNPkqp3Nxd5VFEnuG1ByM0zlRWos0zjO3ZWtkvhal0COgiV1xIA4A==

vscode-languageserver@^5.0.0:
  version "5.2.1"
  resolved "https://registry.yarnpkg.com/vscode-languageserver/-/vscode-languageserver-5.2.1.tgz#0d2feddd33f92aadf5da32450df498d52f6f14eb"
  integrity sha512-GuayqdKZqAwwaCUjDvMTAVRPJOp/SLON3mJ07eGsx/Iq9HjRymhKWztX41rISqDKhHVVyFM+IywICyZDla6U3A==
  dependencies:
    vscode-languageserver-protocol "3.14.1"
    vscode-uri "^1.0.6"

vscode-uri@^1.0.6:
  version "1.0.6"
  resolved "https://registry.yarnpkg.com/vscode-uri/-/vscode-uri-1.0.6.tgz#6b8f141b0bbc44ad7b07e94f82f168ac7608ad4d"
  integrity sha512-sLI2L0uGov3wKVb9EB+vIQBl9tVP90nqRvxSoJ35vI3NjxE8jfsE5DSOhWgSunHSZmKS4OCi2jrtfxK7uyp2ww==

wrappy@1:
  version "1.0.2"
  resolved "https://registry.yarnpkg.com/wrappy/-/wrappy-1.0.2.tgz#b5243d8f3ec1aa35f1364605bc0d1036e30ab69f"
  integrity sha1-tSQ9jz7BqjXxNkYFvA0QNuMKtp8=

xorshift@^0.2.0:
  version "0.2.1"
  resolved "https://registry.yarnpkg.com/xorshift/-/xorshift-0.2.1.tgz#fcd82267e9351c13f0fb9c73307f25331d29c63a"
  integrity sha1-/NgiZ+k1HBPw+5xzMH8lMx0pxjo=

xtend@^4.0.0, xtend@~4.0.0:
  version "4.0.1"
  resolved "https://registry.yarnpkg.com/xtend/-/xtend-4.0.1.tgz#a5c6d532be656e23db820efb943a1f04998d63af"
  integrity sha1-pcbVMr5lbiPbgg77lDofBJmNY68=
